// !$*UTF8*$!
{
	archiveVersion = 1;
	classes = {
	};
	objectVersion = 46;
	objects = {

/* Begin PBXBuildFile section */
		81145E0719170CE800231C0F /* NWIEventTableViewController.m in Sources */ = {isa = PBXBuildFile; fileRef = 81145E0619170CE800231C0F /* NWIEventTableViewController.m */; };
		816616B6190AE82B00331B6C /* NWIServerConnection.m in Sources */ = {isa = PBXBuildFile; fileRef = 816616B5190AE82B00331B6C /* NWIServerConnection.m */; };
		816616E9190B04AC00331B6C /* NWICourseServerConnection.m in Sources */ = {isa = PBXBuildFile; fileRef = 816616E8190B04AC00331B6C /* NWICourseServerConnection.m */; };
		816616EB190B07D800331B6C /* CoreData.framework in Frameworks */ = {isa = PBXBuildFile; fileRef = 816616EA190B07D800331B6C /* CoreData.framework */; };
		816C9CF91907DCD4005D8243 /* Foundation.framework in Frameworks */ = {isa = PBXBuildFile; fileRef = 816C9CF81907DCD4005D8243 /* Foundation.framework */; };
		816C9CFB1907DCD4005D8243 /* CoreGraphics.framework in Frameworks */ = {isa = PBXBuildFile; fileRef = 816C9CFA1907DCD4005D8243 /* CoreGraphics.framework */; };
		816C9CFD1907DCD4005D8243 /* UIKit.framework in Frameworks */ = {isa = PBXBuildFile; fileRef = 816C9CFC1907DCD4005D8243 /* UIKit.framework */; };
		816C9D031907DCD4005D8243 /* InfoPlist.strings in Resources */ = {isa = PBXBuildFile; fileRef = 816C9D011907DCD4005D8243 /* InfoPlist.strings */; };
		816C9D051907DCD4005D8243 /* main.m in Sources */ = {isa = PBXBuildFile; fileRef = 816C9D041907DCD4005D8243 /* main.m */; };
		816C9D091907DCD4005D8243 /* NWIAppDelegate.m in Sources */ = {isa = PBXBuildFile; fileRef = 816C9D081907DCD4005D8243 /* NWIAppDelegate.m */; };
		816C9D0C1907DCD4005D8243 /* Main_iPhone.storyboard in Resources */ = {isa = PBXBuildFile; fileRef = 816C9D0A1907DCD4005D8243 /* Main_iPhone.storyboard */; };
		816C9D0F1907DCD4005D8243 /* Main_iPad.storyboard in Resources */ = {isa = PBXBuildFile; fileRef = 816C9D0D1907DCD4005D8243 /* Main_iPad.storyboard */; };
		816C9D141907DCD4005D8243 /* Images.xcassets in Resources */ = {isa = PBXBuildFile; fileRef = 816C9D131907DCD4005D8243 /* Images.xcassets */; };
		816C9D1B1907DCD4005D8243 /* XCTest.framework in Frameworks */ = {isa = PBXBuildFile; fileRef = 816C9D1A1907DCD4005D8243 /* XCTest.framework */; };
		816C9D1C1907DCD4005D8243 /* Foundation.framework in Frameworks */ = {isa = PBXBuildFile; fileRef = 816C9CF81907DCD4005D8243 /* Foundation.framework */; };
		816C9D1D1907DCD4005D8243 /* UIKit.framework in Frameworks */ = {isa = PBXBuildFile; fileRef = 816C9CFC1907DCD4005D8243 /* UIKit.framework */; };
		816C9D251907DCD4005D8243 /* InfoPlist.strings in Resources */ = {isa = PBXBuildFile; fileRef = 816C9D231907DCD4005D8243 /* InfoPlist.strings */; };
		816C9D271907DCD4005D8243 /* New_IceTests.m in Sources */ = {isa = PBXBuildFile; fileRef = 816C9D261907DCD4005D8243 /* New_IceTests.m */; };
		8178ABE4192D056700352848 /* ServerObject.m in Sources */ = {isa = PBXBuildFile; fileRef = 8178ABE3192D056700352848 /* ServerObject.m */; };
		8178ABE7192D056800352848 /* UserSectionTable.m in Sources */ = {isa = PBXBuildFile; fileRef = 8178ABE6192D056800352848 /* UserSectionTable.m */; };
		8178ABEA192D056800352848 /* Semester.m in Sources */ = {isa = PBXBuildFile; fileRef = 8178ABE9192D056800352848 /* Semester.m */; };
		8178ABED192D056800352848 /* MutableServerObject.m in Sources */ = {isa = PBXBuildFile; fileRef = 8178ABEC192D056800352848 /* MutableServerObject.m */; };
		8178ABF0192D056800352848 /* User.m in Sources */ = {isa = PBXBuildFile; fileRef = 8178ABEF192D056800352848 /* User.m */; };
		8178ABF3192D056800352848 /* Event.m in Sources */ = {isa = PBXBuildFile; fileRef = 8178ABF2192D056800352848 /* Event.m */; };
		8178ABF6192D056800352848 /* Course.m in Sources */ = {isa = PBXBuildFile; fileRef = 8178ABF5192D056800352848 /* Course.m */; };
		8178ABF9192D056800352848 /* Section.m in Sources */ = {isa = PBXBuildFile; fileRef = 8178ABF8192D056800352848 /* Section.m */; };
		8178ABFC192D07C000352848 /* Section+FormattedName.m in Sources */ = {isa = PBXBuildFile; fileRef = 8178ABFB192D07C000352848 /* Section+FormattedName.m */; };
		81A01A6D1907EC07003CABBF /* Model.xcdatamodeld in Sources */ = {isa = PBXBuildFile; fileRef = 81A01A6B1907EC06003CABBF /* Model.xcdatamodeld */; };
		81A01AB319082734003CABBF /* NWIAuthenticator.m in Sources */ = {isa = PBXBuildFile; fileRef = 81A01AB219082734003CABBF /* NWIAuthenticator.m */; };
		81A01AB619082A7B003CABBF /* NWIAuthenticationViewController.m in Sources */ = {isa = PBXBuildFile; fileRef = 81A01AB519082A7B003CABBF /* NWIAuthenticationViewController.m */; };
		81EC49C4190BE2F500B370CA /* NWIEventsServerConnection.m in Sources */ = {isa = PBXBuildFile; fileRef = 81EC49C3190BE2F500B370CA /* NWIEventsServerConnection.m */; };
		81FBD3E1191919FE0095C32C /* UIColor+NWIHex.m in Sources */ = {isa = PBXBuildFile; fileRef = 81FBD3E0191919FE0095C32C /* UIColor+NWIHex.m */; };
		81FBD3E4191921CF0095C32C /* NWIThemedNavigationController.m in Sources */ = {isa = PBXBuildFile; fileRef = 81FBD3E3191921CF0095C32C /* NWIThemedNavigationController.m */; };
		81FBD3E7191930440095C32C /* NWISettingsTableViewController.m in Sources */ = {isa = PBXBuildFile; fileRef = 81FBD3E6191930440095C32C /* NWISettingsTableViewController.m */; };
		81FFCAF719154F5F006FD552 /* UIViewController+NWIViewController.m in Sources */ = {isa = PBXBuildFile; fileRef = 81FFCAF619154F5F006FD552 /* UIViewController+NWIViewController.m */; };
		81FFCAFA19154FA8006FD552 /* NWIAgendaViewController.m in Sources */ = {isa = PBXBuildFile; fileRef = 81FFCAF919154FA8006FD552 /* NWIAgendaViewController.m */; };
		81FFCAFC19155486006FD552 /* QuartzCore.framework in Frameworks */ = {isa = PBXBuildFile; fileRef = 81FFCAFB19155486006FD552 /* QuartzCore.framework */; };
		81FFCAFF19155AD7006FD552 /* NWIEventsManager.m in Sources */ = {isa = PBXBuildFile; fileRef = 81FFCAFE19155AD7006FD552 /* NWIEventsManager.m */; };
/* End PBXBuildFile section */

/* Begin PBXContainerItemProxy section */
		816C9D1E1907DCD4005D8243 /* PBXContainerItemProxy */ = {
			isa = PBXContainerItemProxy;
			containerPortal = 816C9CED1907DCD3005D8243 /* Project object */;
			proxyType = 1;
			remoteGlobalIDString = 816C9CF41907DCD4005D8243;
			remoteInfo = "New Ice";
		};
/* End PBXContainerItemProxy section */

/* Begin PBXFileReference section */
		81145E0519170CE800231C0F /* NWIEventTableViewController.h */ = {isa = PBXFileReference; fileEncoding = 4; lastKnownFileType = sourcecode.c.h; path = NWIEventTableViewController.h; sourceTree = "<group>"; };
		81145E0619170CE800231C0F /* NWIEventTableViewController.m */ = {isa = PBXFileReference; fileEncoding = 4; lastKnownFileType = sourcecode.c.objc; path = NWIEventTableViewController.m; sourceTree = "<group>"; };
		816616B4190AE82B00331B6C /* NWIServerConnection.h */ = {isa = PBXFileReference; fileEncoding = 4; lastKnownFileType = sourcecode.c.h; path = NWIServerConnection.h; sourceTree = "<group>"; };
		816616B5190AE82B00331B6C /* NWIServerConnection.m */ = {isa = PBXFileReference; fileEncoding = 4; lastKnownFileType = sourcecode.c.objc; path = NWIServerConnection.m; sourceTree = "<group>"; };
		816616E7190B04AC00331B6C /* NWICourseServerConnection.h */ = {isa = PBXFileReference; fileEncoding = 4; lastKnownFileType = sourcecode.c.h; path = NWICourseServerConnection.h; sourceTree = "<group>"; };
		816616E8190B04AC00331B6C /* NWICourseServerConnection.m */ = {isa = PBXFileReference; fileEncoding = 4; lastKnownFileType = sourcecode.c.objc; path = NWICourseServerConnection.m; sourceTree = "<group>"; };
		816616EA190B07D800331B6C /* CoreData.framework */ = {isa = PBXFileReference; lastKnownFileType = wrapper.framework; name = CoreData.framework; path = System/Library/Frameworks/CoreData.framework; sourceTree = SDKROOT; };
		816C9CF51907DCD4005D8243 /* ReCal.app */ = {isa = PBXFileReference; explicitFileType = wrapper.application; includeInIndex = 0; path = ReCal.app; sourceTree = BUILT_PRODUCTS_DIR; };
		816C9CF81907DCD4005D8243 /* Foundation.framework */ = {isa = PBXFileReference; lastKnownFileType = wrapper.framework; name = Foundation.framework; path = System/Library/Frameworks/Foundation.framework; sourceTree = SDKROOT; };
		816C9CFA1907DCD4005D8243 /* CoreGraphics.framework */ = {isa = PBXFileReference; lastKnownFileType = wrapper.framework; name = CoreGraphics.framework; path = System/Library/Frameworks/CoreGraphics.framework; sourceTree = SDKROOT; };
		816C9CFC1907DCD4005D8243 /* UIKit.framework */ = {isa = PBXFileReference; lastKnownFileType = wrapper.framework; name = UIKit.framework; path = System/Library/Frameworks/UIKit.framework; sourceTree = SDKROOT; };
		816C9D001907DCD4005D8243 /* ReCal-Info.plist */ = {isa = PBXFileReference; lastKnownFileType = text.plist.xml; path = "ReCal-Info.plist"; sourceTree = "<group>"; };
		816C9D021907DCD4005D8243 /* en */ = {isa = PBXFileReference; lastKnownFileType = text.plist.strings; name = en; path = en.lproj/InfoPlist.strings; sourceTree = "<group>"; };
		816C9D041907DCD4005D8243 /* main.m */ = {isa = PBXFileReference; lastKnownFileType = sourcecode.c.objc; path = main.m; sourceTree = "<group>"; };
		816C9D061907DCD4005D8243 /* ReCal-Prefix.pch */ = {isa = PBXFileReference; lastKnownFileType = sourcecode.c.h; path = "ReCal-Prefix.pch"; sourceTree = "<group>"; };
		816C9D071907DCD4005D8243 /* NWIAppDelegate.h */ = {isa = PBXFileReference; lastKnownFileType = sourcecode.c.h; path = NWIAppDelegate.h; sourceTree = "<group>"; };
		816C9D081907DCD4005D8243 /* NWIAppDelegate.m */ = {isa = PBXFileReference; lastKnownFileType = sourcecode.c.objc; path = NWIAppDelegate.m; sourceTree = "<group>"; };
		816C9D0B1907DCD4005D8243 /* Base */ = {isa = PBXFileReference; lastKnownFileType = file.storyboard; name = Base; path = Base.lproj/Main_iPhone.storyboard; sourceTree = "<group>"; };
		816C9D0E1907DCD4005D8243 /* Base */ = {isa = PBXFileReference; lastKnownFileType = file.storyboard; name = Base; path = Base.lproj/Main_iPad.storyboard; sourceTree = "<group>"; };
		816C9D131907DCD4005D8243 /* Images.xcassets */ = {isa = PBXFileReference; lastKnownFileType = folder.assetcatalog; path = Images.xcassets; sourceTree = "<group>"; };
		816C9D191907DCD4005D8243 /* ReCalTests.xctest */ = {isa = PBXFileReference; explicitFileType = wrapper.cfbundle; includeInIndex = 0; path = ReCalTests.xctest; sourceTree = BUILT_PRODUCTS_DIR; };
		816C9D1A1907DCD4005D8243 /* XCTest.framework */ = {isa = PBXFileReference; lastKnownFileType = wrapper.framework; name = XCTest.framework; path = Library/Frameworks/XCTest.framework; sourceTree = DEVELOPER_DIR; };
		816C9D221907DCD4005D8243 /* New IceTests-Info.plist */ = {isa = PBXFileReference; lastKnownFileType = text.plist.xml; path = "New IceTests-Info.plist"; sourceTree = "<group>"; };
		816C9D241907DCD4005D8243 /* en */ = {isa = PBXFileReference; lastKnownFileType = text.plist.strings; name = en; path = en.lproj/InfoPlist.strings; sourceTree = "<group>"; };
		816C9D261907DCD4005D8243 /* New_IceTests.m */ = {isa = PBXFileReference; lastKnownFileType = sourcecode.c.objc; path = New_IceTests.m; sourceTree = "<group>"; };
		8178ABE2192D056700352848 /* ServerObject.h */ = {isa = PBXFileReference; fileEncoding = 4; lastKnownFileType = sourcecode.c.h; path = ServerObject.h; sourceTree = "<group>"; };
		8178ABE3192D056700352848 /* ServerObject.m */ = {isa = PBXFileReference; fileEncoding = 4; lastKnownFileType = sourcecode.c.objc; path = ServerObject.m; sourceTree = "<group>"; };
		8178ABE5192D056800352848 /* UserSectionTable.h */ = {isa = PBXFileReference; fileEncoding = 4; lastKnownFileType = sourcecode.c.h; path = UserSectionTable.h; sourceTree = "<group>"; };
		8178ABE6192D056800352848 /* UserSectionTable.m */ = {isa = PBXFileReference; fileEncoding = 4; lastKnownFileType = sourcecode.c.objc; path = UserSectionTable.m; sourceTree = "<group>"; };
		8178ABE8192D056800352848 /* Semester.h */ = {isa = PBXFileReference; fileEncoding = 4; lastKnownFileType = sourcecode.c.h; path = Semester.h; sourceTree = "<group>"; };
		8178ABE9192D056800352848 /* Semester.m */ = {isa = PBXFileReference; fileEncoding = 4; lastKnownFileType = sourcecode.c.objc; path = Semester.m; sourceTree = "<group>"; };
		8178ABEB192D056800352848 /* MutableServerObject.h */ = {isa = PBXFileReference; fileEncoding = 4; lastKnownFileType = sourcecode.c.h; path = MutableServerObject.h; sourceTree = "<group>"; };
		8178ABEC192D056800352848 /* MutableServerObject.m */ = {isa = PBXFileReference; fileEncoding = 4; lastKnownFileType = sourcecode.c.objc; path = MutableServerObject.m; sourceTree = "<group>"; };
		8178ABEE192D056800352848 /* User.h */ = {isa = PBXFileReference; fileEncoding = 4; lastKnownFileType = sourcecode.c.h; path = User.h; sourceTree = "<group>"; };
		8178ABEF192D056800352848 /* User.m */ = {isa = PBXFileReference; fileEncoding = 4; lastKnownFileType = sourcecode.c.objc; path = User.m; sourceTree = "<group>"; };
		8178ABF1192D056800352848 /* Event.h */ = {isa = PBXFileReference; fileEncoding = 4; lastKnownFileType = sourcecode.c.h; path = Event.h; sourceTree = "<group>"; };
		8178ABF2192D056800352848 /* Event.m */ = {isa = PBXFileReference; fileEncoding = 4; lastKnownFileType = sourcecode.c.objc; path = Event.m; sourceTree = "<group>"; };
		8178ABF4192D056800352848 /* Course.h */ = {isa = PBXFileReference; fileEncoding = 4; lastKnownFileType = sourcecode.c.h; path = Course.h; sourceTree = "<group>"; };
		8178ABF5192D056800352848 /* Course.m */ = {isa = PBXFileReference; fileEncoding = 4; lastKnownFileType = sourcecode.c.objc; path = Course.m; sourceTree = "<group>"; };
		8178ABF7192D056800352848 /* Section.h */ = {isa = PBXFileReference; fileEncoding = 4; lastKnownFileType = sourcecode.c.h; path = Section.h; sourceTree = "<group>"; };
		8178ABF8192D056800352848 /* Section.m */ = {isa = PBXFileReference; fileEncoding = 4; lastKnownFileType = sourcecode.c.objc; path = Section.m; sourceTree = "<group>"; };
		8178ABFA192D07C000352848 /* Section+FormattedName.h */ = {isa = PBXFileReference; fileEncoding = 4; lastKnownFileType = sourcecode.c.h; path = "Section+FormattedName.h"; sourceTree = "<group>"; };
		8178ABFB192D07C000352848 /* Section+FormattedName.m */ = {isa = PBXFileReference; fileEncoding = 4; lastKnownFileType = sourcecode.c.objc; path = "Section+FormattedName.m"; sourceTree = "<group>"; };
		81A01A6C1907EC07003CABBF /* Model.xcdatamodel */ = {isa = PBXFileReference; lastKnownFileType = wrapper.xcdatamodel; path = Model.xcdatamodel; sourceTree = "<group>"; };
		81A01AB119082734003CABBF /* NWIAuthenticator.h */ = {isa = PBXFileReference; fileEncoding = 4; lastKnownFileType = sourcecode.c.h; path = NWIAuthenticator.h; sourceTree = "<group>"; };
		81A01AB219082734003CABBF /* NWIAuthenticator.m */ = {isa = PBXFileReference; fileEncoding = 4; lastKnownFileType = sourcecode.c.objc; path = NWIAuthenticator.m; sourceTree = "<group>"; };
		81A01AB419082A7B003CABBF /* NWIAuthenticationViewController.h */ = {isa = PBXFileReference; fileEncoding = 4; lastKnownFileType = sourcecode.c.h; path = NWIAuthenticationViewController.h; sourceTree = "<group>"; };
		81A01AB519082A7B003CABBF /* NWIAuthenticationViewController.m */ = {isa = PBXFileReference; fileEncoding = 4; lastKnownFileType = sourcecode.c.objc; path = NWIAuthenticationViewController.m; sourceTree = "<group>"; };
		81EC49C2190BE2F500B370CA /* NWIEventsServerConnection.h */ = {isa = PBXFileReference; fileEncoding = 4; lastKnownFileType = sourcecode.c.h; path = NWIEventsServerConnection.h; sourceTree = "<group>"; };
		81EC49C3190BE2F500B370CA /* NWIEventsServerConnection.m */ = {isa = PBXFileReference; fileEncoding = 4; lastKnownFileType = sourcecode.c.objc; path = NWIEventsServerConnection.m; sourceTree = "<group>"; };
		81FBD3DF191919FE0095C32C /* UIColor+NWIHex.h */ = {isa = PBXFileReference; fileEncoding = 4; lastKnownFileType = sourcecode.c.h; path = "UIColor+NWIHex.h"; sourceTree = "<group>"; };
		81FBD3E0191919FE0095C32C /* UIColor+NWIHex.m */ = {isa = PBXFileReference; fileEncoding = 4; lastKnownFileType = sourcecode.c.objc; path = "UIColor+NWIHex.m"; sourceTree = "<group>"; };
		81FBD3E2191921CF0095C32C /* NWIThemedNavigationController.h */ = {isa = PBXFileReference; fileEncoding = 4; lastKnownFileType = sourcecode.c.h; path = NWIThemedNavigationController.h; sourceTree = "<group>"; };
		81FBD3E3191921CF0095C32C /* NWIThemedNavigationController.m */ = {isa = PBXFileReference; fileEncoding = 4; lastKnownFileType = sourcecode.c.objc; path = NWIThemedNavigationController.m; sourceTree = "<group>"; };
		81FBD3E5191930440095C32C /* NWISettingsTableViewController.h */ = {isa = PBXFileReference; fileEncoding = 4; lastKnownFileType = sourcecode.c.h; path = NWISettingsTableViewController.h; sourceTree = "<group>"; };
		81FBD3E6191930440095C32C /* NWISettingsTableViewController.m */ = {isa = PBXFileReference; fileEncoding = 4; lastKnownFileType = sourcecode.c.objc; path = NWISettingsTableViewController.m; sourceTree = "<group>"; };
		81FFCAF519154F5F006FD552 /* UIViewController+NWIViewController.h */ = {isa = PBXFileReference; fileEncoding = 4; lastKnownFileType = sourcecode.c.h; path = "UIViewController+NWIViewController.h"; sourceTree = "<group>"; };
		81FFCAF619154F5F006FD552 /* UIViewController+NWIViewController.m */ = {isa = PBXFileReference; fileEncoding = 4; lastKnownFileType = sourcecode.c.objc; path = "UIViewController+NWIViewController.m"; sourceTree = "<group>"; };
		81FFCAF819154FA8006FD552 /* NWIAgendaViewController.h */ = {isa = PBXFileReference; fileEncoding = 4; lastKnownFileType = sourcecode.c.h; path = NWIAgendaViewController.h; sourceTree = "<group>"; };
		81FFCAF919154FA8006FD552 /* NWIAgendaViewController.m */ = {isa = PBXFileReference; fileEncoding = 4; lastKnownFileType = sourcecode.c.objc; path = NWIAgendaViewController.m; sourceTree = "<group>"; };
		81FFCAFB19155486006FD552 /* QuartzCore.framework */ = {isa = PBXFileReference; lastKnownFileType = wrapper.framework; name = QuartzCore.framework; path = System/Library/Frameworks/QuartzCore.framework; sourceTree = SDKROOT; };
		81FFCAFD19155AD7006FD552 /* NWIEventsManager.h */ = {isa = PBXFileReference; fileEncoding = 4; lastKnownFileType = sourcecode.c.h; path = NWIEventsManager.h; sourceTree = "<group>"; };
		81FFCAFE19155AD7006FD552 /* NWIEventsManager.m */ = {isa = PBXFileReference; fileEncoding = 4; lastKnownFileType = sourcecode.c.objc; path = NWIEventsManager.m; sourceTree = "<group>"; };
/* End PBXFileReference section */

/* Begin PBXFrameworksBuildPhase section */
		816C9CF21907DCD4005D8243 /* Frameworks */ = {
			isa = PBXFrameworksBuildPhase;
			buildActionMask = 2147483647;
			files = (
				81FFCAFC19155486006FD552 /* QuartzCore.framework in Frameworks */,
				816616EB190B07D800331B6C /* CoreData.framework in Frameworks */,
				816C9CFB1907DCD4005D8243 /* CoreGraphics.framework in Frameworks */,
				816C9CFD1907DCD4005D8243 /* UIKit.framework in Frameworks */,
				816C9CF91907DCD4005D8243 /* Foundation.framework in Frameworks */,
			);
			runOnlyForDeploymentPostprocessing = 0;
		};
		816C9D161907DCD4005D8243 /* Frameworks */ = {
			isa = PBXFrameworksBuildPhase;
			buildActionMask = 2147483647;
			files = (
				816C9D1B1907DCD4005D8243 /* XCTest.framework in Frameworks */,
				816C9D1D1907DCD4005D8243 /* UIKit.framework in Frameworks */,
				816C9D1C1907DCD4005D8243 /* Foundation.framework in Frameworks */,
			);
			runOnlyForDeploymentPostprocessing = 0;
		};
/* End PBXFrameworksBuildPhase section */

/* Begin PBXGroup section */
		816C9CEC1907DCD3005D8243 = {
			isa = PBXGroup;
			children = (
				816C9CFE1907DCD4005D8243 /* ReCal */,
				816C9D201907DCD4005D8243 /* New IceTests */,
				816C9CF71907DCD4005D8243 /* Frameworks */,
				816C9CF61907DCD4005D8243 /* Products */,
			);
			sourceTree = "<group>";
		};
		816C9CF61907DCD4005D8243 /* Products */ = {
			isa = PBXGroup;
			children = (
				816C9CF51907DCD4005D8243 /* ReCal.app */,
				816C9D191907DCD4005D8243 /* ReCalTests.xctest */,
			);
			name = Products;
			sourceTree = "<group>";
		};
		816C9CF71907DCD4005D8243 /* Frameworks */ = {
			isa = PBXGroup;
			children = (
				81FFCAFB19155486006FD552 /* QuartzCore.framework */,
				816616EA190B07D800331B6C /* CoreData.framework */,
				816C9CF81907DCD4005D8243 /* Foundation.framework */,
				816C9CFA1907DCD4005D8243 /* CoreGraphics.framework */,
				816C9CFC1907DCD4005D8243 /* UIKit.framework */,
				816C9D1A1907DCD4005D8243 /* XCTest.framework */,
			);
			name = Frameworks;
			sourceTree = "<group>";
		};
		816C9CFE1907DCD4005D8243 /* ReCal */ = {
			isa = PBXGroup;
			children = (
				816C9D071907DCD4005D8243 /* NWIAppDelegate.h */,
				816C9D081907DCD4005D8243 /* NWIAppDelegate.m */,
				81A01A6E1907F65D003CABBF /* models */,
				816C9D0A1907DCD4005D8243 /* Main_iPhone.storyboard */,
				816C9D0D1907DCD4005D8243 /* Main_iPad.storyboard */,
				81FBD3E2191921CF0095C32C /* NWIThemedNavigationController.h */,
				81FBD3E3191921CF0095C32C /* NWIThemedNavigationController.m */,
				81FFCAF519154F5F006FD552 /* UIViewController+NWIViewController.h */,
				81FFCAF619154F5F006FD552 /* UIViewController+NWIViewController.m */,
				81FBD3DF191919FE0095C32C /* UIColor+NWIHex.h */,
				81FBD3E0191919FE0095C32C /* UIColor+NWIHex.m */,
				81FFCAF819154FA8006FD552 /* NWIAgendaViewController.h */,
				81FFCAF919154FA8006FD552 /* NWIAgendaViewController.m */,
				81145E0519170CE800231C0F /* NWIEventTableViewController.h */,
				81145E0619170CE800231C0F /* NWIEventTableViewController.m */,
				81FFCAFD19155AD7006FD552 /* NWIEventsManager.h */,
				81FFCAFE19155AD7006FD552 /* NWIEventsManager.m */,
				81FBD3E5191930440095C32C /* NWISettingsTableViewController.h */,
				81FBD3E6191930440095C32C /* NWISettingsTableViewController.m */,
				816C9D131907DCD4005D8243 /* Images.xcassets */,
				816C9CFF1907DCD4005D8243 /* Supporting Files */,
				81A01AB719082A83003CABBF /* Authentication */,
			);
			name = ReCal;
			path = "New Ice";
			sourceTree = "<group>";
		};
		816C9CFF1907DCD4005D8243 /* Supporting Files */ = {
			isa = PBXGroup;
			children = (
				816C9D001907DCD4005D8243 /* ReCal-Info.plist */,
				816C9D011907DCD4005D8243 /* InfoPlist.strings */,
				816C9D041907DCD4005D8243 /* main.m */,
				816C9D061907DCD4005D8243 /* ReCal-Prefix.pch */,
			);
			name = "Supporting Files";
			sourceTree = "<group>";
		};
		816C9D201907DCD4005D8243 /* New IceTests */ = {
			isa = PBXGroup;
			children = (
				816C9D261907DCD4005D8243 /* New_IceTests.m */,
				816C9D211907DCD4005D8243 /* Supporting Files */,
			);
			path = "New IceTests";
			sourceTree = "<group>";
		};
		816C9D211907DCD4005D8243 /* Supporting Files */ = {
			isa = PBXGroup;
			children = (
				816C9D221907DCD4005D8243 /* New IceTests-Info.plist */,
				816C9D231907DCD4005D8243 /* InfoPlist.strings */,
			);
			name = "Supporting Files";
			sourceTree = "<group>";
		};
		81A01A6E1907F65D003CABBF /* models */ = {
			isa = PBXGroup;
			children = (
				81A01A6B1907EC06003CABBF /* Model.xcdatamodeld */,
				8178ABF7192D056800352848 /* Section.h */,
				8178ABF8192D056800352848 /* Section.m */,
				8178ABF4192D056800352848 /* Course.h */,
				8178ABF5192D056800352848 /* Course.m */,
				8178ABF1192D056800352848 /* Event.h */,
				8178ABF2192D056800352848 /* Event.m */,
				8178ABEE192D056800352848 /* User.h */,
				8178ABEF192D056800352848 /* User.m */,
				8178ABEB192D056800352848 /* MutableServerObject.h */,
				8178ABEC192D056800352848 /* MutableServerObject.m */,
				8178ABE8192D056800352848 /* Semester.h */,
				8178ABE9192D056800352848 /* Semester.m */,
				8178ABE5192D056800352848 /* UserSectionTable.h */,
				8178ABE6192D056800352848 /* UserSectionTable.m */,
				8178ABE2192D056700352848 /* ServerObject.h */,
				8178ABE3192D056700352848 /* ServerObject.m */,
				8178ABFA192D07C000352848 /* Section+FormattedName.h */,
				8178ABFB192D07C000352848 /* Section+FormattedName.m */,
				816616B4190AE82B00331B6C /* NWIServerConnection.h */,
				816616B5190AE82B00331B6C /* NWIServerConnection.m */,
				816616E7190B04AC00331B6C /* NWICourseServerConnection.h */,
				816616E8190B04AC00331B6C /* NWICourseServerConnection.m */,
				81EC49C2190BE2F500B370CA /* NWIEventsServerConnection.h */,
				81EC49C3190BE2F500B370CA /* NWIEventsServerConnection.m */,
			);
			name = models;
			sourceTree = "<group>";
		};
		81A01AB719082A83003CABBF /* Authentication */ = {
			isa = PBXGroup;
			children = (
				81A01AB119082734003CABBF /* NWIAuthenticator.h */,
				81A01AB219082734003CABBF /* NWIAuthenticator.m */,
				81A01AB419082A7B003CABBF /* NWIAuthenticationViewController.h */,
				81A01AB519082A7B003CABBF /* NWIAuthenticationViewController.m */,
			);
			name = Authentication;
			sourceTree = "<group>";
		};
/* End PBXGroup section */

/* Begin PBXNativeTarget section */
		816C9CF41907DCD4005D8243 /* ReCal */ = {
			isa = PBXNativeTarget;
			buildConfigurationList = 816C9D2A1907DCD4005D8243 /* Build configuration list for PBXNativeTarget "ReCal" */;
			buildPhases = (
				816C9CF11907DCD4005D8243 /* Sources */,
				816C9CF21907DCD4005D8243 /* Frameworks */,
				816C9CF31907DCD4005D8243 /* Resources */,
			);
			buildRules = (
			);
			dependencies = (
			);
			name = ReCal;
			productName = "New Ice";
			productReference = 816C9CF51907DCD4005D8243 /* ReCal.app */;
			productType = "com.apple.product-type.application";
		};
		816C9D181907DCD4005D8243 /* ReCalTests */ = {
			isa = PBXNativeTarget;
			buildConfigurationList = 816C9D2D1907DCD4005D8243 /* Build configuration list for PBXNativeTarget "ReCalTests" */;
			buildPhases = (
				816C9D151907DCD4005D8243 /* Sources */,
				816C9D161907DCD4005D8243 /* Frameworks */,
				816C9D171907DCD4005D8243 /* Resources */,
			);
			buildRules = (
			);
			dependencies = (
				816C9D1F1907DCD4005D8243 /* PBXTargetDependency */,
			);
			name = ReCalTests;
			productName = "New IceTests";
			productReference = 816C9D191907DCD4005D8243 /* ReCalTests.xctest */;
			productType = "com.apple.product-type.bundle.unit-test";
		};
/* End PBXNativeTarget section */

/* Begin PBXProject section */
		816C9CED1907DCD3005D8243 /* Project object */ = {
			isa = PBXProject;
			attributes = {
				CLASSPREFIX = NWI;
				LastUpgradeCheck = 0510;
				TargetAttributes = {
					816C9D181907DCD4005D8243 = {
						TestTargetID = 816C9CF41907DCD4005D8243;
					};
				};
			};
			buildConfigurationList = 816C9CF01907DCD3005D8243 /* Build configuration list for PBXProject "ReCal" */;
			compatibilityVersion = "Xcode 3.2";
			developmentRegion = English;
			hasScannedForEncodings = 0;
			knownRegions = (
				en,
				Base,
			);
			mainGroup = 816C9CEC1907DCD3005D8243;
			productRefGroup = 816C9CF61907DCD4005D8243 /* Products */;
			projectDirPath = "";
			projectRoot = "";
			targets = (
				816C9CF41907DCD4005D8243 /* ReCal */,
				816C9D181907DCD4005D8243 /* ReCalTests */,
			);
		};
/* End PBXProject section */

/* Begin PBXResourcesBuildPhase section */
		816C9CF31907DCD4005D8243 /* Resources */ = {
			isa = PBXResourcesBuildPhase;
			buildActionMask = 2147483647;
			files = (
				816C9D0F1907DCD4005D8243 /* Main_iPad.storyboard in Resources */,
				816C9D141907DCD4005D8243 /* Images.xcassets in Resources */,
				816C9D0C1907DCD4005D8243 /* Main_iPhone.storyboard in Resources */,
				816C9D031907DCD4005D8243 /* InfoPlist.strings in Resources */,
			);
			runOnlyForDeploymentPostprocessing = 0;
		};
		816C9D171907DCD4005D8243 /* Resources */ = {
			isa = PBXResourcesBuildPhase;
			buildActionMask = 2147483647;
			files = (
				816C9D251907DCD4005D8243 /* InfoPlist.strings in Resources */,
			);
			runOnlyForDeploymentPostprocessing = 0;
		};
/* End PBXResourcesBuildPhase section */

/* Begin PBXSourcesBuildPhase section */
		816C9CF11907DCD4005D8243 /* Sources */ = {
			isa = PBXSourcesBuildPhase;
			buildActionMask = 2147483647;
			files = (
				8178ABF6192D056800352848 /* Course.m in Sources */,
				816C9D051907DCD4005D8243 /* main.m in Sources */,
				81FBD3E1191919FE0095C32C /* UIColor+NWIHex.m in Sources */,
				8178ABF9192D056800352848 /* Section.m in Sources */,
				81FFCAF719154F5F006FD552 /* UIViewController+NWIViewController.m in Sources */,
				8178ABED192D056800352848 /* MutableServerObject.m in Sources */,
				816616B6190AE82B00331B6C /* NWIServerConnection.m in Sources */,
				81FFCAFA19154FA8006FD552 /* NWIAgendaViewController.m in Sources */,
				8178ABEA192D056800352848 /* Semester.m in Sources */,
				81FBD3E4191921CF0095C32C /* NWIThemedNavigationController.m in Sources */,
				8178ABF3192D056800352848 /* Event.m in Sources */,
				8178ABE7192D056800352848 /* UserSectionTable.m in Sources */,
				81EC49C4190BE2F500B370CA /* NWIEventsServerConnection.m in Sources */,
				8178ABF0192D056800352848 /* User.m in Sources */,
				81FFCAFF19155AD7006FD552 /* NWIEventsManager.m in Sources */,
				81145E0719170CE800231C0F /* NWIEventTableViewController.m in Sources */,
				81FBD3E7191930440095C32C /* NWISettingsTableViewController.m in Sources */,
				8178ABFC192D07C000352848 /* Section+FormattedName.m in Sources */,
				816C9D091907DCD4005D8243 /* NWIAppDelegate.m in Sources */,
				8178ABE4192D056700352848 /* ServerObject.m in Sources */,
				816616E9190B04AC00331B6C /* NWICourseServerConnection.m in Sources */,
				81A01AB319082734003CABBF /* NWIAuthenticator.m in Sources */,
				81A01AB619082A7B003CABBF /* NWIAuthenticationViewController.m in Sources */,
				81A01A6D1907EC07003CABBF /* Model.xcdatamodeld in Sources */,
			);
			runOnlyForDeploymentPostprocessing = 0;
		};
		816C9D151907DCD4005D8243 /* Sources */ = {
			isa = PBXSourcesBuildPhase;
			buildActionMask = 2147483647;
			files = (
				816C9D271907DCD4005D8243 /* New_IceTests.m in Sources */,
			);
			runOnlyForDeploymentPostprocessing = 0;
		};
/* End PBXSourcesBuildPhase section */

/* Begin PBXTargetDependency section */
		816C9D1F1907DCD4005D8243 /* PBXTargetDependency */ = {
			isa = PBXTargetDependency;
			target = 816C9CF41907DCD4005D8243 /* ReCal */;
			targetProxy = 816C9D1E1907DCD4005D8243 /* PBXContainerItemProxy */;
		};
/* End PBXTargetDependency section */

/* Begin PBXVariantGroup section */
		816C9D011907DCD4005D8243 /* InfoPlist.strings */ = {
			isa = PBXVariantGroup;
			children = (
				816C9D021907DCD4005D8243 /* en */,
			);
			name = InfoPlist.strings;
			sourceTree = "<group>";
		};
		816C9D0A1907DCD4005D8243 /* Main_iPhone.storyboard */ = {
			isa = PBXVariantGroup;
			children = (
				816C9D0B1907DCD4005D8243 /* Base */,
			);
			name = Main_iPhone.storyboard;
			sourceTree = "<group>";
		};
		816C9D0D1907DCD4005D8243 /* Main_iPad.storyboard */ = {
			isa = PBXVariantGroup;
			children = (
				816C9D0E1907DCD4005D8243 /* Base */,
			);
			name = Main_iPad.storyboard;
			sourceTree = "<group>";
		};
		816C9D231907DCD4005D8243 /* InfoPlist.strings */ = {
			isa = PBXVariantGroup;
			children = (
				816C9D241907DCD4005D8243 /* en */,
			);
			name = InfoPlist.strings;
			sourceTree = "<group>";
		};
/* End PBXVariantGroup section */

/* Begin XCBuildConfiguration section */
		816C9D281907DCD4005D8243 /* Debug */ = {
			isa = XCBuildConfiguration;
			buildSettings = {
				ALWAYS_SEARCH_USER_PATHS = NO;
				CLANG_CXX_LANGUAGE_STANDARD = "gnu++0x";
				CLANG_CXX_LIBRARY = "libc++";
				CLANG_ENABLE_MODULES = YES;
				CLANG_ENABLE_OBJC_ARC = YES;
				CLANG_WARN_BOOL_CONVERSION = YES;
				CLANG_WARN_CONSTANT_CONVERSION = YES;
				CLANG_WARN_DIRECT_OBJC_ISA_USAGE = YES_ERROR;
				CLANG_WARN_EMPTY_BODY = YES;
				CLANG_WARN_ENUM_CONVERSION = YES;
				CLANG_WARN_INT_CONVERSION = YES;
				CLANG_WARN_OBJC_ROOT_CLASS = YES_ERROR;
				CLANG_WARN__DUPLICATE_METHOD_MATCH = YES;
				"CODE_SIGN_IDENTITY[sdk=iphoneos*]" = "iPhone Developer";
				COPY_PHASE_STRIP = NO;
				GCC_C_LANGUAGE_STANDARD = gnu99;
				GCC_DYNAMIC_NO_PIC = NO;
				GCC_OPTIMIZATION_LEVEL = 0;
				GCC_PREPROCESSOR_DEFINITIONS = (
					"DEBUG=1",
					"$(inherited)",
				);
				GCC_SYMBOLS_PRIVATE_EXTERN = NO;
				GCC_WARN_64_TO_32_BIT_CONVERSION = YES;
				GCC_WARN_ABOUT_RETURN_TYPE = YES_ERROR;
				GCC_WARN_UNDECLARED_SELECTOR = YES;
				GCC_WARN_UNINITIALIZED_AUTOS = YES_AGGRESSIVE;
				GCC_WARN_UNUSED_FUNCTION = YES;
				GCC_WARN_UNUSED_VARIABLE = YES;
				IPHONEOS_DEPLOYMENT_TARGET = 7.0;
				ONLY_ACTIVE_ARCH = YES;
				SDKROOT = iphoneos;
				TARGETED_DEVICE_FAMILY = "1,2";
			};
			name = Debug;
		};
		816C9D291907DCD4005D8243 /* Release */ = {
			isa = XCBuildConfiguration;
			buildSettings = {
				ALWAYS_SEARCH_USER_PATHS = NO;
				CLANG_CXX_LANGUAGE_STANDARD = "gnu++0x";
				CLANG_CXX_LIBRARY = "libc++";
				CLANG_ENABLE_MODULES = YES;
				CLANG_ENABLE_OBJC_ARC = YES;
				CLANG_WARN_BOOL_CONVERSION = YES;
				CLANG_WARN_CONSTANT_CONVERSION = YES;
				CLANG_WARN_DIRECT_OBJC_ISA_USAGE = YES_ERROR;
				CLANG_WARN_EMPTY_BODY = YES;
				CLANG_WARN_ENUM_CONVERSION = YES;
				CLANG_WARN_INT_CONVERSION = YES;
				CLANG_WARN_OBJC_ROOT_CLASS = YES_ERROR;
				CLANG_WARN__DUPLICATE_METHOD_MATCH = YES;
				"CODE_SIGN_IDENTITY[sdk=iphoneos*]" = "iPhone Developer";
				COPY_PHASE_STRIP = YES;
				ENABLE_NS_ASSERTIONS = NO;
				GCC_C_LANGUAGE_STANDARD = gnu99;
				GCC_WARN_64_TO_32_BIT_CONVERSION = YES;
				GCC_WARN_ABOUT_RETURN_TYPE = YES_ERROR;
				GCC_WARN_UNDECLARED_SELECTOR = YES;
				GCC_WARN_UNINITIALIZED_AUTOS = YES_AGGRESSIVE;
				GCC_WARN_UNUSED_FUNCTION = YES;
				GCC_WARN_UNUSED_VARIABLE = YES;
				IPHONEOS_DEPLOYMENT_TARGET = 7.0;
				SDKROOT = iphoneos;
				TARGETED_DEVICE_FAMILY = "1,2";
				VALIDATE_PRODUCT = YES;
			};
			name = Release;
		};
		816C9D2B1907DCD4005D8243 /* Debug */ = {
			isa = XCBuildConfiguration;
			buildSettings = {
				ASSETCATALOG_COMPILER_APPICON_NAME = AppIcon;
				ASSETCATALOG_COMPILER_LAUNCHIMAGE_NAME = LaunchImage;
				GCC_PRECOMPILE_PREFIX_HEADER = YES;
				GCC_PREFIX_HEADER = "New Ice/ReCal-Prefix.pch";
				INFOPLIST_FILE = "New Ice/ReCal-Info.plist";
				IPHONEOS_DEPLOYMENT_TARGET = 7.0;
				PRODUCT_NAME = ReCal;
				WRAPPER_EXTENSION = app;
			};
			name = Debug;
		};
		816C9D2C1907DCD4005D8243 /* Release */ = {
			isa = XCBuildConfiguration;
			buildSettings = {
				ASSETCATALOG_COMPILER_APPICON_NAME = AppIcon;
				ASSETCATALOG_COMPILER_LAUNCHIMAGE_NAME = LaunchImage;
				GCC_PRECOMPILE_PREFIX_HEADER = YES;
				GCC_PREFIX_HEADER = "New Ice/ReCal-Prefix.pch";
				INFOPLIST_FILE = "New Ice/ReCal-Info.plist";
				IPHONEOS_DEPLOYMENT_TARGET = 7.0;
				PRODUCT_NAME = ReCal;
				WRAPPER_EXTENSION = app;
			};
			name = Release;
		};
		816C9D2E1907DCD4005D8243 /* Debug */ = {
			isa = XCBuildConfiguration;
			buildSettings = {
				BUNDLE_LOADER = "$(BUILT_PRODUCTS_DIR)/New Ice.app/New Ice";
				FRAMEWORK_SEARCH_PATHS = (
					"$(SDKROOT)/Developer/Library/Frameworks",
					"$(inherited)",
					"$(DEVELOPER_FRAMEWORKS_DIR)",
				);
				GCC_PRECOMPILE_PREFIX_HEADER = YES;
				GCC_PREFIX_HEADER = "New Ice/New Ice-Prefix.pch";
				GCC_PREPROCESSOR_DEFINITIONS = (
					"DEBUG=1",
					"$(inherited)",
				);
				INFOPLIST_FILE = "New IceTests/New IceTests-Info.plist";
				PRODUCT_NAME = ReCalTests;
				TEST_HOST = "$(BUNDLE_LOADER)";
				WRAPPER_EXTENSION = xctest;
			};
			name = Debug;
		};
		816C9D2F1907DCD4005D8243 /* Release */ = {
			isa = XCBuildConfiguration;
			buildSettings = {
				BUNDLE_LOADER = "$(BUILT_PRODUCTS_DIR)/New Ice.app/New Ice";
				FRAMEWORK_SEARCH_PATHS = (
					"$(SDKROOT)/Developer/Library/Frameworks",
					"$(inherited)",
					"$(DEVELOPER_FRAMEWORKS_DIR)",
				);
				GCC_PRECOMPILE_PREFIX_HEADER = YES;
				GCC_PREFIX_HEADER = "New Ice/New Ice-Prefix.pch";
				INFOPLIST_FILE = "New IceTests/New IceTests-Info.plist";
				PRODUCT_NAME = ReCalTests;
				TEST_HOST = "$(BUNDLE_LOADER)";
				WRAPPER_EXTENSION = xctest;
			};
			name = Release;
		};
/* End XCBuildConfiguration section */

/* Begin XCConfigurationList section */
		816C9CF01907DCD3005D8243 /* Build configuration list for PBXProject "ReCal" */ = {
			isa = XCConfigurationList;
			buildConfigurations = (
				816C9D281907DCD4005D8243 /* Debug */,
				816C9D291907DCD4005D8243 /* Release */,
			);
			defaultConfigurationIsVisible = 0;
			defaultConfigurationName = Release;
		};
		816C9D2A1907DCD4005D8243 /* Build configuration list for PBXNativeTarget "ReCal" */ = {
			isa = XCConfigurationList;
			buildConfigurations = (
				816C9D2B1907DCD4005D8243 /* Debug */,
				816C9D2C1907DCD4005D8243 /* Release */,
			);
			defaultConfigurationIsVisible = 0;
			defaultConfigurationName = Release;
		};
		816C9D2D1907DCD4005D8243 /* Build configuration list for PBXNativeTarget "ReCalTests" */ = {
			isa = XCConfigurationList;
			buildConfigurations = (
				816C9D2E1907DCD4005D8243 /* Debug */,
				816C9D2F1907DCD4005D8243 /* Release */,
			);
			defaultConfigurationIsVisible = 0;
			defaultConfigurationName = Release;
		};
/* End XCConfigurationList section */

/* Begin XCVersionGroup section */
		81A01A6B1907EC06003CABBF /* Model.xcdatamodeld */ = {
			isa = XCVersionGroup;
			children = (
				81A01A6C1907EC07003CABBF /* Model.xcdatamodel */,
			);
			currentVersion = 81A01A6C1907EC07003CABBF /* Model.xcdatamodel */;
			path = Model.xcdatamodeld;
			sourceTree = "<group>";
			versionGroupType = wrapper.xcdatamodel;
		};
/* End XCVersionGroup section */
	};
	rootObject = 816C9CED1907DCD3005D8243 /* Project object */;
}
